# This file is autogenerated, do not edit; changes may be undone by the next 'dep ensure'.


[[projects]]
  digest = "1:5083a483201985383f9eacea0285bc8ea629f2ef286c74304d776c14f868bc84"
  name = "github.com/msaf1980/cyclicbarrier"
  packages = ["."]
  pruneopts = "UT"
  revision = "73d6b779aebf1d2c6b533f19b969f9269b410bbb"
  version = "v1.0.0"

[solve-meta]
  analyzer-name = "dep"
  analyzer-version = 1
  input-imports = ["github.com/msaf1980/cyclicbarrier"]
  solver-name = "gps-cdcl"
  solver-version = 1
